
Microsoft Visual Studio Solution File, Format Version 12.00
# Visual Studio 15
VisualStudioVersion = 15.0.28307.1525
MinimumVisualStudioVersion = 10.0.40219.1
Project("{FAE04EC0-301F-11D3-BF4B-00C04F79EFBC}") = "Chocolate", "Chocolate\Chocolate.csproj", "{FA2474BF-DC5F-4C83-AFD2-163B1DB6683D}"
EndProject
Global
	GlobalSection(SolutionConfigurationPlatforms) = preSolution
		Debug|Any CPU = Debug|Any CPU
		Release|Any CPU = Release|Any CPU
	EndGlobalSection
	GlobalSection(ProjectConfigurationPlatforms) = postSolution
		{FA2474BF-DC5F-4C83-AFD2-163B1DB6683D}.Debug|Any CPU.ActiveCfg = Debug|Any CPU
		{FA2474BF-DC5F-4C83-AFD2-163B1DB6683D}.Debug|Any CPU.Build.0 = Debug|Any CPU
		{FA2474BF-DC5F-4C83-AFD2-163B1DB6683D}.Release|Any CPU.ActiveCfg = Release|Any CPU
		{FA2474BF-DC5F-4C83-AFD2-163B1DB6683D}.Release|Any CPU.Build.0 = Release|Any CPU
	EndGlobalSection
	GlobalSection(SolutionProperties) = preSolution
		HideSolutionNode = FALSE
	EndGlobalSection
	GlobalSection(ExtensibilityGlobals) = postSolution
		SolutionGuid = {79290B49-112B-464E-B815-01B5EAB53600}
	EndGlobalSection
EndGlobal
